// !$*UTF8*$!
{
	archiveVersion = 1;
	classes = {
	};
	objectVersion = 56;
	objects = {

/* Begin PBXBuildFile section */
		F9BFD39C2EA8CC8E00C3B39A /* WarehouseArrangementApp.swift in Sources */ = {isa = PBXBuildFile; fileRef = F9BFD39B2EA8CC8E00C3B39A /* WarehouseArrangementApp.swift */; };
		F9BFD39E2EA8CC8E00C3B39A /* ContentView.swift in Sources */ = {isa = PBXBuildFile; fileRef = F9BFD39D2EA8CC8E00C3B39A /* ContentView.swift */; };
		F9BFD3A02EA8CC9500C3B39A /* Assets.xcassets in Resources */ = {isa = PBXBuildFile; fileRef = F9BFD39F2EA8CC9500C3B39A /* Assets.xcassets */; };
		F9BFD3A32EA8CC9500C3B39A /* Preview Assets.xcassets in Resources */ = {isa = PBXBuildFile; fileRef = F9BFD3A22EA8CC9500C3B39A /* Preview Assets.xcassets */; };
		F9BFD3AD2EA8CC9600C3B39A /* WarehouseArrangementAppTests.swift in Sources */ = {isa = PBXBuildFile; fileRef = F9BFD3AC2EA8CC9600C3B39A /* WarehouseArrangementAppTests.swift */; };
		F9BFD3B72EA8CC9600C3B39A /* WarehouseArrangementAppUITests.swift in Sources */ = {isa = PBXBuildFile; fileRef = F9BFD3B62EA8CC9600C3B39A /* WarehouseArrangementAppUITests.swift */; };
		F9BFD3B92EA8CC9600C3B39A /* WarehouseArrangementAppUITestsLaunchTests.swift in Sources */ = {isa = PBXBuildFile; fileRef = F9BFD3B82EA8CC9600C3B39A /* WarehouseArrangementAppUITestsLaunchTests.swift */; };
		F9BFD3C72EA8CDE400C3B39A /* Models in Resources */ = {isa = PBXBuildFile; fileRef = F9BFD3C52EA8CDE200C3B39A /* Models */; };
		F9BFD3C82EA8CDE400C3B39A /* Models in Resources */ = {isa = PBXBuildFile; fileRef = F9BFD3C52EA8CDE200C3B39A /* Models */; };
		F9BFD3C92EA8CDE400C3B39A /* Models in Resources */ = {isa = PBXBuildFile; fileRef = F9BFD3C52EA8CDE200C3B39A /* Models */; };
		F9BFD3CA2EA8CDE400C3B39A /* Views in Resources */ = {isa = PBXBuildFile; fileRef = F9BFD3C62EA8CDE200C3B39A /* Views */; };
		F9BFD3CB2EA8CDE400C3B39A /* Views in Resources */ = {isa = PBXBuildFile; fileRef = F9BFD3C62EA8CDE200C3B39A /* Views */; };
		F9BFD3CC2EA8CDE400C3B39A /* Views in Resources */ = {isa = PBXBuildFile; fileRef = F9BFD3C62EA8CDE200C3B39A /* Views */; };
		F9BFD3CD2EA8D40500C3B39A /* ContentView.swift in Sources */ = {isa = PBXBuildFile; fileRef = F9BFD39D2EA8CC8E00C3B39A /* ContentView.swift */; };
		F9BFD3CE2EA8D40500C3B39A /* ContentView.swift in Sources */ = {isa = PBXBuildFile; fileRef = F9BFD39D2EA8CC8E00C3B39A /* ContentView.swift */; };
/* End PBXBuildFile section */

/* Begin PBXContainerItemProxy section */
		F9BFD3A92EA8CC9600C3B39A /* PBXContainerItemProxy */ = {
			isa = PBXContainerItemProxy;
			containerPortal = F9BFD3902EA8CC8D00C3B39A /* Project object */;
			proxyType = 1;
			remoteGlobalIDString = F9BFD3972EA8CC8E00C3B39A;
			remoteInfo = WarehouseArrangementApp;
		};
		F9BFD3B32EA8CC9600C3B39A /* PBXContainerItemProxy */ = {
			isa = PBXContainerItemProxy;
			containerPortal = F9BFD3902EA8CC8D00C3B39A /* Project object */;
			proxyType = 1;
			remoteGlobalIDString = F9BFD3972EA8CC8E00C3B39A;
			remoteInfo = WarehouseArrangementApp;
		};
/* End PBXContainerItemProxy section */

/* Begin PBXFileReference section */
		F9BFD3982EA8CC8E00C3B39A /* WarehouseArrangementApp.app */ = {isa = PBXFileReference; explicitFileType = wrapper.application; includeInIndex = 0; path = WarehouseArrangementApp.app; sourceTree = BUILT_PRODUCTS_DIR; };
		F9BFD39B2EA8CC8E00C3B39A /* WarehouseArrangementApp.swift */ = {isa = PBXFileReference; lastKnownFileType = sourcecode.swift; path = WarehouseArrangementApp.swift; sourceTree = "<group>"; };
		F9BFD39D2EA8CC8E00C3B39A /* ContentView.swift */ = {isa = PBXFileReference; lastKnownFileType = sourcecode.swift; path = ContentView.swift; sourceTree = "<group>"; };
		F9BFD39F2EA8CC9500C3B39A /* Assets.xcassets */ = {isa = PBXFileReference; lastKnownFileType = folder.assetcatalog; path = Assets.xcassets; sourceTree = "<group>"; };
		F9BFD3A22EA8CC9500C3B39A /* Preview Assets.xcassets */ = {isa = PBXFileReference; lastKnownFileType = folder.assetcatalog; path = "Preview Assets.xcassets"; sourceTree = "<group>"; };
		F9BFD3A82EA8CC9600C3B39A /* WarehouseArrangementAppTests.xctest */ = {isa = PBXFileReference; explicitFileType = wrapper.cfbundle; includeInIndex = 0; path = WarehouseArrangementAppTests.xctest; sourceTree = BUILT_PRODUCTS_DIR; };
		F9BFD3AC2EA8CC9600C3B39A /* WarehouseArrangementAppTests.swift */ = {isa = PBXFileReference; lastKnownFileType = sourcecode.swift; path = WarehouseArrangementAppTests.swift; sourceTree = "<group>"; };
		F9BFD3B22EA8CC9600C3B39A /* WarehouseArrangementAppUITests.xctest */ = {isa = PBXFileReference; explicitFileType = wrapper.cfbundle; includeInIndex = 0; path = WarehouseArrangementAppUITests.xctest; sourceTree = BUILT_PRODUCTS_DIR; };
		F9BFD3B62EA8CC9600C3B39A /* WarehouseArrangementAppUITests.swift */ = {isa = PBXFileReference; lastKnownFileType = sourcecode.swift; path = WarehouseArrangementAppUITests.swift; sourceTree = "<group>"; };
		F9BFD3B82EA8CC9600C3B39A /* WarehouseArrangementAppUITestsLaunchTests.swift */ = {isa = PBXFileReference; lastKnownFileType = sourcecode.swift; path = WarehouseArrangementAppUITestsLaunchTests.swift; sourceTree = "<group>"; };
		F9BFD3C52EA8CDE200C3B39A /* Models */ = {isa = PBXFileReference; lastKnownFileType = folder; name = Models; path = ../../../WarehouseArrangementApp/Models; sourceTree = "<group>"; };
		F9BFD3C62EA8CDE200C3B39A /* Views */ = {isa = PBXFileReference; lastKnownFileType = folder; name = Views; path = ../../../WarehouseArrangementApp/Views; sourceTree = "<group>"; };
/* End PBXFileReference section */

/* Begin PBXFrameworksBuildPhase section */
		F9BFD3952EA8CC8E00C3B39A /* Frameworks */ = {
			isa = PBXFrameworksBuildPhase;
			buildActionMask = 2147483647;
			files = (
			);
			runOnlyForDeploymentPostprocessing = 0;
		};
		F9BFD3A52EA8CC9600C3B39A /* Frameworks */ = {
			isa = PBXFrameworksBuildPhase;
			buildActionMask = 2147483647;
			files = (
			);
			runOnlyForDeploymentPostprocessing = 0;
		};
		F9BFD3AF2EA8CC9600C3B39A /* Frameworks */ = {
			isa = PBXFrameworksBuildPhase;
			buildActionMask = 2147483647;
			files = (
			);
			runOnlyForDeploymentPostprocessing = 0;
		};
/* End PBXFrameworksBuildPhase section */

/* Begin PBXGroup section */
		F9BFD38F2EA8CC8D00C3B39A = {
			isa = PBXGroup;
			children = (
				F9BFD39A2EA8CC8E00C3B39A /* WarehouseArrangementApp */,
				F9BFD3AB2EA8CC9600C3B39A /* WarehouseArrangementAppTests */,
				F9BFD3B52EA8CC9600C3B39A /* WarehouseArrangementAppUITests */,
				F9BFD3992EA8CC8E00C3B39A /* Products */,
			);
			sourceTree = "<group>";
		};
		F9BFD3992EA8CC8E00C3B39A /* Products */ = {
			isa = PBXGroup;
			children = (
				F9BFD3982EA8CC8E00C3B39A /* WarehouseArrangementApp.app */,
				F9BFD3A82EA8CC9600C3B39A /* WarehouseArrangementAppTests.xctest */,
				F9BFD3B22EA8CC9600C3B39A /* WarehouseArrangementAppUITests.xctest */,
			);
			name = Products;
			sourceTree = "<group>";
		};
		F9BFD39A2EA8CC8E00C3B39A /* WarehouseArrangementApp */ = {
			isa = PBXGroup;
			children = (
				F9BFD3C52EA8CDE200C3B39A /* Models */,
				F9BFD3C62EA8CDE200C3B39A /* Views */,
				F9BFD39B2EA8CC8E00C3B39A /* WarehouseArrangementApp.swift */,
				F9BFD39D2EA8CC8E00C3B39A /* ContentView.swift */,
				F9BFD39F2EA8CC9500C3B39A /* Assets.xcassets */,
				F9BFD3A12EA8CC9500C3B39A /* Preview Content */,
			);
			path = WarehouseArrangementApp;
			sourceTree = "<group>";
		};
		F9BFD3A12EA8CC9500C3B39A /* Preview Content */ = {
			isa = PBXGroup;
			children = (
				F9BFD3A22EA8CC9500C3B39A /* Preview Assets.xcassets */,
			);
			path = "Preview Content";
			sourceTree = "<group>";
		};
		F9BFD3AB2EA8CC9600C3B39A /* WarehouseArrangementAppTests */ = {
			isa = PBXGroup;
			children = (
				F9BFD3AC2EA8CC9600C3B39A /* WarehouseArrangementAppTests.swift */,
			);
			path = WarehouseArrangementAppTests;
			sourceTree = "<group>";
		};
		F9BFD3B52EA8CC9600C3B39A /* WarehouseArrangementAppUITests */ = {
			isa = PBXGroup;
			children = (
				F9BFD3B62EA8CC9600C3B39A /* WarehouseArrangementAppUITests.swift */,
				F9BFD3B82EA8CC9600C3B39A /* WarehouseArrangementAppUITestsLaunchTests.swift */,
			);
			path = WarehouseArrangementAppUITests;
			sourceTree = "<group>";
		};
/* End PBXGroup section */

/* Begin PBXNativeTarget section */
		F9BFD3972EA8CC8E00C3B39A /* WarehouseArrangementApp */ = {
			isa = PBXNativeTarget;
			buildConfigurationList = F9BFD3BC2EA8CC9600C3B39A /* Build configuration list for PBXNativeTarget "WarehouseArrangementApp" */;
			buildPhases = (
				F9BFD3942EA8CC8E00C3B39A /* Sources */,
				F9BFD3952EA8CC8E00C3B39A /* Frameworks */,
				F9BFD3962EA8CC8E00C3B39A /* Resources */,
			);
			buildRules = (
			);
			dependencies = (
			);
			name = WarehouseArrangementApp;
			productName = WarehouseArrangementApp;
			productReference = F9BFD3982EA8CC8E00C3B39A /* WarehouseArrangementApp.app */;
			productType = "com.apple.product-type.application";
		};
		F9BFD3A72EA8CC9600C3B39A /* WarehouseArrangementAppTests */ = {
			isa = PBXNativeTarget;
			buildConfigurationList = F9BFD3BF2EA8CC9600C3B39A /* Build configuration list for PBXNativeTarget "WarehouseArrangementAppTests" */;
			buildPhases = (
				F9BFD3A42EA8CC9600C3B39A /* Sources */,
				F9BFD3A52EA8CC9600C3B39A /* Frameworks */,
				F9BFD3A62EA8CC9600C3B39A /* Resources */,
			);
			buildRules = (
			);
			dependencies = (
				F9BFD3AA2EA8CC9600C3B39A /* PBXTargetDependency */,
			);
			name = WarehouseArrangementAppTests;
			productName = WarehouseArrangementAppTests;
			productReference = F9BFD3A82EA8CC9600C3B39A /* WarehouseArrangementAppTests.xctest */;
			productType = "com.apple.product-type.bundle.unit-test";
		};
		F9BFD3B12EA8CC9600C3B39A /* WarehouseArrangementAppUITests */ = {
			isa = PBXNativeTarget;
			buildConfigurationList = F9BFD3C22EA8CC9600C3B39A /* Build configuration list for PBXNativeTarget "WarehouseArrangementAppUITests" */;
			buildPhases = (
				F9BFD3AE2EA8CC9600C3B39A /* Sources */,
				F9BFD3AF2EA8CC9600C3B39A /* Frameworks */,
				F9BFD3B02EA8CC9600C3B39A /* Resources */,
			);
			buildRules = (
			);
			dependencies = (
				F9BFD3B42EA8CC9600C3B39A /* PBXTargetDependency */,
			);
			name = WarehouseArrangementAppUITests;
			productName = WarehouseArrangementAppUITests;
			productReference = F9BFD3B22EA8CC9600C3B39A /* WarehouseArrangementAppUITests.xctest */;
			productType = "com.apple.product-type.bundle.ui-testing";
		};
/* End PBXNativeTarget section */

/* Begin PBXProject section */
		F9BFD3902EA8CC8D00C3B39A /* Project object */ = {
			isa = PBXProject;
			attributes = {
				BuildIndependentTargetsInParallel = 1;
				LastSwiftUpdateCheck = 1420;
				LastUpgradeCheck = 1420;
				TargetAttributes = {
					F9BFD3972EA8CC8E00C3B39A = {
						CreatedOnToolsVersion = 14.2;
					};
					F9BFD3A72EA8CC9600C3B39A = {
						CreatedOnToolsVersion = 14.2;
						TestTargetID = F9BFD3972EA8CC8E00C3B39A;
					};
					F9BFD3B12EA8CC9600C3B39A = {
						CreatedOnToolsVersion = 14.2;
						TestTargetID = F9BFD3972EA8CC8E00C3B39A;
					};
				};
			};
			buildConfigurationList = F9BFD3932EA8CC8D00C3B39A /* Build configuration list for PBXProject "WarehouseArrangementApp" */;
			compatibilityVersion = "Xcode 14.0";
			developmentRegion = en;
			hasScannedForEncodings = 0;
			knownRegions = (
				en,
				Base,
			);
			mainGroup = F9BFD38F2EA8CC8D00C3B39A;
			productRefGroup = F9BFD3992EA8CC8E00C3B39A /* Products */;
			projectDirPath = "";
			projectRoot = "";
			targets = (
				F9BFD3972EA8CC8E00C3B39A /* WarehouseArrangementApp */,
				F9BFD3A72EA8CC9600C3B39A /* WarehouseArrangementAppTests */,
				F9BFD3B12EA8CC9600C3B39A /* WarehouseArrangementAppUITests */,
			);
		};
/* End PBXProject section */

/* Begin PBXResourcesBuildPhase section */
		F9BFD3962EA8CC8E00C3B39A /* Resources */ = {
			isa = PBXResourcesBuildPhase;
			buildActionMask = 2147483647;
			files = (
				F9BFD3C72EA8CDE400C3B39A /* Models in Resources */,
				F9BFD3A32EA8CC9500C3B39A /* Preview Assets.xcassets in Resources */,
				F9BFD3A02EA8CC9500C3B39A /* Assets.xcassets in Resources */,
				F9BFD3CA2EA8CDE400C3B39A /* Views in Resources */,
			);
			runOnlyForDeploymentPostprocessing = 0;
		};
		F9BFD3A62EA8CC9600C3B39A /* Resources */ = {
			isa = PBXResourcesBuildPhase;
			buildActionMask = 2147483647;
			files = (
				F9BFD3C82EA8CDE400C3B39A /* Models in Resources */,
				F9BFD3CB2EA8CDE400C3B39A /* Views in Resources */,
			);
			runOnlyForDeploymentPostprocessing = 0;
		};
		F9BFD3B02EA8CC9600C3B39A /* Resources */ = {
			isa = PBXResourcesBuildPhase;
			buildActionMask = 2147483647;
			files = (
				F9BFD3C92EA8CDE400C3B39A /* Models in Resources */,
				F9BFD3CC2EA8CDE400C3B39A /* Views in Resources */,
			);
			runOnlyForDeploymentPostprocessing = 0;
		};
/* End PBXResourcesBuildPhase section */

/* Begin PBXSourcesBuildPhase section */
		F9BFD3942EA8CC8E00C3B39A /* Sources */ = {
			isa = PBXSourcesBuildPhase;
			buildActionMask = 2147483647;
			files = (
				F9BFD39E2EA8CC8E00C3B39A /* ContentView.swift in Sources */,
				F9BFD39C2EA8CC8E00C3B39A /* WarehouseArrangementApp.swift in Sources */,
			);
			runOnlyForDeploymentPostprocessing = 0;
		};
		F9BFD3A42EA8CC9600C3B39A /* Sources */ = {
			isa = PBXSourcesBuildPhase;
			buildActionMask = 2147483647;
			files = (
				F9BFD3CD2EA8D40500C3B39A /* ContentView.swift in Sources */,
				F9BFD3AD2EA8CC9600C3B39A /* WarehouseArrangementAppTests.swift in Sources */,
			);
			runOnlyForDeploymentPostprocessing = 0;
		};
		F9BFD3AE2EA8CC9600C3B39A /* Sources */ = {
			isa = PBXSourcesBuildPhase;
			buildActionMask = 2147483647;
			files = (
				F9BFD3B72EA8CC9600C3B39A /* WarehouseArrangementAppUITests.swift in Sources */,
				F9BFD3B92EA8CC9600C3B39A /* WarehouseArrangementAppUITestsLaunchTests.swift in Sources */,
				F9BFD3CE2EA8D40500C3B39A /* ContentView.swift in Sources */,
			);
			runOnlyForDeploymentPostprocessing = 0;
		};
/* End PBXSourcesBuildPhase section */

/* Begin PBXTargetDependency section */
		F9BFD3AA2EA8CC9600C3B39A /* PBXTargetDependency */ = {
			isa = PBXTargetDependency;
			target = F9BFD3972EA8CC8E00C3B39A /* WarehouseArrangementApp */;
			targetProxy = F9BFD3A92EA8CC9600C3B39A /* PBXContainerItemProxy */;
		};
		F9BFD3B42EA8CC9600C3B39A /* PBXTargetDependency */ = {
			isa = PBXTargetDependency;
			target = F9BFD3972EA8CC8E00C3B39A /* WarehouseArrangementApp */;
			targetProxy = F9BFD3B32EA8CC9600C3B39A /* PBXContainerItemProxy */;
		};
/* End PBXTargetDependency section */

/* Begin XCBuildConfiguration section */
		F9BFD3BA2EA8CC9600C3B39A /* Debug */ = {
			isa = XCBuildConfiguration;
			buildSettings = {
				ALWAYS_SEARCH_USER_PATHS = NO;
				CLANG_ANALYZER_NONNULL = YES;
				CLANG_ANALYZER_NUMBER_OBJECT_CONVERSION = YES_AGGRESSIVE;
				CLANG_CXX_LANGUAGE_STANDARD = "gnu++20";
				CLANG_ENABLE_MODULES = YES;
				CLANG_ENABLE_OBJC_ARC = YES;
				CLANG_ENABLE_OBJC_WEAK = YES;
				CLANG_WARN_BLOCK_CAPTURE_AUTORELEASING = YES;
				CLANG_WARN_BOOL_CONVERSION = YES;
				CLANG_WARN_COMMA = YES;
				CLANG_WARN_CONSTANT_CONVERSION = YES;
				CLANG_WARN_DEPRECATED_OBJC_IMPLEMENTATIONS = YES;
				CLANG_WARN_DIRECT_OBJC_ISA_USAGE = YES_ERROR;
				CLANG_WARN_DOCUMENTATION_COMMENTS = YES;
				CLANG_WARN_EMPTY_BODY = YES;
				CLANG_WARN_ENUM_CONVERSION = YES;
				CLANG_WARN_INFINITE_RECURSION = YES;
				CLANG_WARN_INT_CONVERSION = YES;
				CLANG_WARN_NON_LITERAL_NULL_CONVERSION = YES;
				CLANG_WARN_OBJC_IMPLICIT_RETAIN_SELF = YES;
				CLANG_WARN_OBJC_LITERAL_CONVERSION = YES;
				CLANG_WARN_OBJC_ROOT_CLASS = YES_ERROR;
				CLANG_WARN_QUOTED_INCLUDE_IN_FRAMEWORK_HEADER = YES;
				CLANG_WARN_RANGE_LOOP_ANALYSIS = YES;
				CLANG_WARN_STRICT_PROTOTYPES = YES;
				CLANG_WARN_SUSPICIOUS_MOVE = YES;
				CLANG_WARN_UNGUARDED_AVAILABILITY = YES_AGGRESSIVE;
				CLANG_WARN_UNREACHABLE_CODE = YES;
				CLANG_WARN__DUPLICATE_METHOD_MATCH = YES;
				COPY_PHASE_STRIP = NO;
				DEBUG_INFORMATION_FORMAT = dwarf;
				ENABLE_STRICT_OBJC_MSGSEND = YES;
				ENABLE_TESTABILITY = YES;
				GCC_C_LANGUAGE_STANDARD = gnu11;
				GCC_DYNAMIC_NO_PIC = NO;
				GCC_NO_COMMON_BLOCKS = YES;
				GCC_OPTIMIZATION_LEVEL = 0;
				GCC_PREPROCESSOR_DEFINITIONS = (
					"DEBUG=1",
					"$(inherited)",
				);
				GCC_WARN_64_TO_32_BIT_CONVERSION = YES;
				GCC_WARN_ABOUT_RETURN_TYPE = YES_ERROR;
				GCC_WARN_UNDECLARED_SELECTOR = YES;
				GCC_WARN_UNINITIALIZED_AUTOS = YES_AGGRESSIVE;
				GCC_WARN_UNUSED_FUNCTION = YES;
				GCC_WARN_UNUSED_VARIABLE = YES;
				IPHONEOS_DEPLOYMENT_TARGET = 16.2;
				MTL_ENABLE_DEBUG_INFO = INCLUDE_SOURCE;
				MTL_FAST_MATH = YES;
				ONLY_ACTIVE_ARCH = YES;
				SDKROOT = iphoneos;
				SWIFT_ACTIVE_COMPILATION_CONDITIONS = DEBUG;
				SWIFT_OPTIMIZATION_LEVEL = "-Onone";
			};
			name = Debug;
		};
		F9BFD3BB2EA8CC9600C3B39A /* Release */ = {
			isa = XCBuildConfiguration;
			buildSettings = {
				ALWAYS_SEARCH_USER_PATHS = NO;
				CLANG_ANALYZER_NONNULL = YES;
				CLANG_ANALYZER_NUMBER_OBJECT_CONVERSION = YES_AGGRESSIVE;
				CLANG_CXX_LANGUAGE_STANDARD = "gnu++20";
				CLANG_ENABLE_MODULES = YES;
				CLANG_ENABLE_OBJC_ARC = YES;
				CLANG_ENABLE_OBJC_WEAK = YES;
				CLANG_WARN_BLOCK_CAPTURE_AUTORELEASING = YES;
				CLANG_WARN_BOOL_CONVERSION = YES;
				CLANG_WARN_COMMA = YES;
				CLANG_WARN_CONSTANT_CONVERSION = YES;
				CLANG_WARN_DEPRECATED_OBJC_IMPLEMENTATIONS = YES;
				CLANG_WARN_DIRECT_OBJC_ISA_USAGE = YES_ERROR;
				CLANG_WARN_DOCUMENTATION_COMMENTS = YES;
				CLANG_WARN_EMPTY_BODY = YES;
				CLANG_WARN_ENUM_CONVERSION = YES;
				CLANG_WARN_INFINITE_RECURSION = YES;
				CLANG_WARN_INT_CONVERSION = YES;
				CLANG_WARN_NON_LITERAL_NULL_CONVERSION = YES;
				CLANG_WARN_OBJC_IMPLICIT_RETAIN_SELF = YES;
				CLANG_WARN_OBJC_LITERAL_CONVERSION = YES;
				CLANG_WARN_OBJC_ROOT_CLASS = YES_ERROR;
				CLANG_WARN_QUOTED_INCLUDE_IN_FRAMEWORK_HEADER = YES;
				CLANG_WARN_RANGE_LOOP_ANALYSIS = YES;
				CLANG_WARN_STRICT_PROTOTYPES = YES;
				CLANG_WARN_SUSPICIOUS_MOVE = YES;
				CLANG_WARN_UNGUARDED_AVAILABILITY = YES_AGGRESSIVE;
				CLANG_WARN_UNREACHABLE_CODE = YES;
				CLANG_WARN__DUPLICATE_METHOD_MATCH = YES;
				COPY_PHASE_STRIP = NO;
				DEBUG_INFORMATION_FORMAT = "dwarf-with-dsym";
				ENABLE_NS_ASSERTIONS = NO;
				ENABLE_STRICT_OBJC_MSGSEND = YES;
				GCC_C_LANGUAGE_STANDARD = gnu11;
				GCC_NO_COMMON_BLOCKS = YES;
				GCC_WARN_64_TO_32_BIT_CONVERSION = YES;
				GCC_WARN_ABOUT_RETURN_TYPE = YES_ERROR;
				GCC_WARN_UNDECLARED_SELECTOR = YES;
				GCC_WARN_UNINITIALIZED_AUTOS = YES_AGGRESSIVE;
				GCC_WARN_UNUSED_FUNCTION = YES;
				GCC_WARN_UNUSED_VARIABLE = YES;
				IPHONEOS_DEPLOYMENT_TARGET = 16.2;
				MTL_ENABLE_DEBUG_INFO = NO;
				MTL_FAST_MATH = YES;
				SDKROOT = iphoneos;
				SWIFT_COMPILATION_MODE = wholemodule;
				SWIFT_OPTIMIZATION_LEVEL = "-O";
				VALIDATE_PRODUCT = YES;
			};
			name = Release;
		};
		F9BFD3BD2EA8CC9600C3B39A /* Debug */ = {
			isa = XCBuildConfiguration;
			buildSettings = {
				ASSETCATALOG_COMPILER_APPICON_NAME = AppIcon;
				ASSETCATALOG_COMPILER_GLOBAL_ACCENT_COLOR_NAME = AccentColor;
				CODE_SIGN_STYLE = Automatic;
				CURRENT_PROJECT_VERSION = 1;
				DEVELOPMENT_ASSET_PATHS = "\"WarehouseArrangementApp/Preview Content\"";
				DEVELOPMENT_TEAM = T987R78467;
				ENABLE_PREVIEWS = YES;
				GENERATE_INFOPLIST_FILE = YES;
				INFOPLIST_KEY_UIApplicationSceneManifest_Generation = YES;
				INFOPLIST_KEY_UIApplicationSupportsIndirectInputEvents = YES;
				INFOPLIST_KEY_UILaunchScreen_Generation = YES;
				INFOPLIST_KEY_UISupportedInterfaceOrientations_iPad = "UIInterfaceOrientationPortrait UIInterfaceOrientationPortraitUpsideDown UIInterfaceOrientationLandscapeLeft UIInterfaceOrientationLandscapeRight";
				INFOPLIST_KEY_UISupportedInterfaceOrientations_iPhone = "UIInterfaceOrientationPortrait UIInterfaceOrientationLandscapeLeft UIInterfaceOrientationLandscapeRight";
				LD_RUNPATH_SEARCH_PATHS = (
					"$(inherited)",
					"@executable_path/Frameworks",
				);
				MARKETING_VERSION = 1.0;
				PRODUCT_BUNDLE_IDENTIFIER = com.test.WarehouseArrangementApp;
				PRODUCT_NAME = "$(TARGET_NAME)";
				SWIFT_EMIT_LOC_STRINGS = YES;
				SWIFT_VERSION = 5.0;
				TARGETED_DEVICE_FAMILY = "1,2";
			};
			name = Debug;
		};
		F9BFD3BE2EA8CC9600C3B39A /* Release */ = {
			isa = XCBuildConfiguration;
			buildSettings = {
				ASSETCATALOG_COMPILER_APPICON_NAME = AppIcon;
				ASSETCATALOG_COMPILER_GLOBAL_ACCENT_COLOR_NAME = AccentColor;
				CODE_SIGN_STYLE = Automatic;
				CURRENT_PROJECT_VERSION = 1;
				DEVELOPMENT_ASSET_PATHS = "\"WarehouseArrangementApp/Preview Content\"";
				DEVELOPMENT_TEAM = T987R78467;
				ENABLE_PREVIEWS = YES;
				GENERATE_INFOPLIST_FILE = YES;
				INFOPLIST_KEY_UIApplicationSceneManifest_Generation = YES;
				INFOPLIST_KEY_UIApplicationSupportsIndirectInputEvents = YES;
				INFOPLIST_KEY_UILaunchScreen_Generation = YES;
				INFOPLIST_KEY_UISupportedInterfaceOrientations_iPad = "UIInterfaceOrientationPortrait UIInterfaceOrientationPortraitUpsideDown UIInterfaceOrientationLandscapeLeft UIInterfaceOrientationLandscapeRight";
				INFOPLIST_KEY_UISupportedInterfaceOrientations_iPhone = "UIInterfaceOrientationPortrait UIInterfaceOrientationLandscapeLeft UIInterfaceOrientationLandscapeRight";
				LD_RUNPATH_SEARCH_PATHS = (
					"$(inherited)",
					"@executable_path/Frameworks",
				);
				MARKETING_VERSION = 1.0;
				PRODUCT_BUNDLE_IDENTIFIER = com.test.WarehouseArrangementApp;
				PRODUCT_NAME = "$(TARGET_NAME)";
				SWIFT_EMIT_LOC_STRINGS = YES;
				SWIFT_VERSION = 5.0;
				TARGETED_DEVICE_FAMILY = "1,2";
			};
			name = Release;
		};
		F9BFD3C02EA8CC9600C3B39A /* Debug */ = {
			isa = XCBuildConfiguration;
			buildSettings = {
				ALWAYS_EMBED_SWIFT_STANDARD_LIBRARIES = YES;
				BUNDLE_LOADER = "$(TEST_HOST)";
				CODE_SIGN_STYLE = Automatic;
				CURRENT_PROJECT_VERSION = 1;
				DEVELOPMENT_TEAM = T987R78467;
				GENERATE_INFOPLIST_FILE = YES;
				IPHONEOS_DEPLOYMENT_TARGET = 16.2;
				MARKETING_VERSION = 1.0;
				PRODUCT_BUNDLE_IDENTIFIER = com.test.WarehouseArrangementAppTests;
				PRODUCT_NAME = "$(TARGET_NAME)";
				SWIFT_EMIT_LOC_STRINGS = NO;
				SWIFT_VERSION = 5.0;
				TARGETED_DEVICE_FAMILY = "1,2";
				TEST_HOST = "$(BUILT_PRODUCTS_DIR)/WarehouseArrangementApp.app/$(BUNDLE_EXECUTABLE_FOLDER_PATH)/WarehouseArrangementApp";
			};
			name = Debug;
		};
		F9BFD3C12EA8CC9600C3B39A /* Release */ = {
			isa = XCBuildConfiguration;
			buildSettings = {
				ALWAYS_EMBED_SWIFT_STANDARD_LIBRARIES = YES;
				BUNDLE_LOADER = "$(TEST_HOST)";
				CODE_SIGN_STYLE = Automatic;
				CURRENT_PROJECT_VERSION = 1;
				DEVELOPMENT_TEAM = T987R78467;
				GENERATE_INFOPLIST_FILE = YES;
				IPHONEOS_DEPLOYMENT_TARGET = 16.2;
				MARKETING_VERSION = 1.0;
				PRODUCT_BUNDLE_IDENTIFIER = com.test.WarehouseArrangementAppTests;
				PRODUCT_NAME = "$(TARGET_NAME)";
				SWIFT_EMIT_LOC_STRINGS = NO;
				SWIFT_VERSION = 5.0;
				TARGETED_DEVICE_FAMILY = "1,2";
				TEST_HOST = "$(BUILT_PRODUCTS_DIR)/WarehouseArrangementApp.app/$(BUNDLE_EXECUTABLE_FOLDER_PATH)/WarehouseArrangementApp";
			};
			name = Release;
		};
		F9BFD3C32EA8CC9600C3B39A /* Debug */ = {
			isa = XCBuildConfiguration;
			buildSettings = {
				ALWAYS_EMBED_SWIFT_STANDARD_LIBRARIES = YES;
				CODE_SIGN_STYLE = Automatic;
				CURRENT_PROJECT_VERSION = 1;
				DEVELOPMENT_TEAM = T987R78467;
				GENERATE_INFOPLIST_FILE = YES;
				MARKETING_VERSION = 1.0;
				PRODUCT_BUNDLE_IDENTIFIER = com.test.WarehouseArrangementAppUITests;
				PRODUCT_NAME = "$(TARGET_NAME)";
				SWIFT_EMIT_LOC_STRINGS = NO;
				SWIFT_VERSION = 5.0;
				TARGETED_DEVICE_FAMILY = "1,2";
				TEST_TARGET_NAME = WarehouseArrangementApp;
			};
			name = Debug;
		};
		F9BFD3C42EA8CC9600C3B39A /* Release */ = {
			isa = XCBuildConfiguration;
			buildSettings = {
				ALWAYS_EMBED_SWIFT_STANDARD_LIBRARIES = YES;
				CODE_SIGN_STYLE = Automatic;
				CURRENT_PROJECT_VERSION = 1;
				DEVELOPMENT_TEAM = T987R78467;
				GENERATE_INFOPLIST_FILE = YES;
				MARKETING_VERSION = 1.0;
				PRODUCT_BUNDLE_IDENTIFIER = com.test.WarehouseArrangementAppUITests;
				PRODUCT_NAME = "$(TARGET_NAME)";
				SWIFT_EMIT_LOC_STRINGS = NO;
				SWIFT_VERSION = 5.0;
				TARGETED_DEVICE_FAMILY = "1,2";
				TEST_TARGET_NAME = WarehouseArrangementApp;
			};
			name = Release;
		};
/* End XCBuildConfiguration section */

/* Begin XCConfigurationList section */
		F9BFD3932EA8CC8D00C3B39A /* Build configuration list for PBXProject "WarehouseArrangementApp" */ = {
			isa = XCConfigurationList;
			buildConfigurations = (
				F9BFD3BA2EA8CC9600C3B39A /* Debug */,
				F9BFD3BB2EA8CC9600C3B39A /* Release */,
			);
			defaultConfigurationIsVisible = 0;
			defaultConfigurationName = Release;
		};
		F9BFD3BC2EA8CC9600C3B39A /* Build configuration list for PBXNativeTarget "WarehouseArrangementApp" */ = {
			isa = XCConfigurationList;
			buildConfigurations = (
				F9BFD3BD2EA8CC9600C3B39A /* Debug */,
				F9BFD3BE2EA8CC9600C3B39A /* Release */,
			);
			defaultConfigurationIsVisible = 0;
			defaultConfigurationName = Release;
		};
		F9BFD3BF2EA8CC9600C3B39A /* Build configuration list for PBXNativeTarget "WarehouseArrangementAppTests" */ = {
			isa = XCConfigurationList;
			buildConfigurations = (
				F9BFD3C02EA8CC9600C3B39A /* Debug */,
				F9BFD3C12EA8CC9600C3B39A /* Release */,
			);
			defaultConfigurationIsVisible = 0;
			defaultConfigurationName = Release;
		};
		F9BFD3C22EA8CC9600C3B39A /* Build configuration list for PBXNativeTarget "WarehouseArrangementAppUITests" */ = {
			isa = XCConfigurationList;
			buildConfigurations = (
				F9BFD3C32EA8CC9600C3B39A /* Debug */,
				F9BFD3C42EA8CC9600C3B39A /* Release */,
			);
			defaultConfigurationIsVisible = 0;
			defaultConfigurationName = Release;
		};
/* End XCConfigurationList section */
	};
	rootObject = F9BFD3902EA8CC8D00C3B39A /* Project object */;
}
